
Microsoft Visual Studio Solution File, Format Version 12.00
# Visual Studio Version 16
VisualStudioVersion = 16.0.31112.23
MinimumVisualStudioVersion = 10.0.40219.1
Project("{FAE04EC0-301F-11D3-BF4B-00C04F79EFBC}") = "KessExampleCSharp", "KessExampleCSharp.csproj", "{01C901E0-1BE2-487E-842E-8106D25B6BE6}"
EndProject
Global
	GlobalSection(SolutionConfigurationPlatforms) = preSolution
		Debug|Any CPU = Debug|Any CPU
		Release|Any CPU = Release|Any CPU
	EndGlobalSection
	GlobalSection(ProjectConfigurationPlatforms) = postSolution
		{01C901E0-1BE2-487E-842E-8106D25B6BE6}.Debug|Any CPU.ActiveCfg = Debug|Any CPU
		{01C901E0-1BE2-487E-842E-8106D25B6BE6}.Debug|Any CPU.Build.0 = Debug|Any CPU
		{01C901E0-1BE2-487E-842E-8106D25B6BE6}.Release|Any CPU.ActiveCfg = Release|Any CPU
		{01C901E0-1BE2-487E-842E-8106D25B6BE6}.Release|Any CPU.Build.0 = Release|Any CPU
	EndGlobalSection
	GlobalSection(SolutionProperties) = preSolution
		HideSolutionNode = FALSE
	EndGlobalSection
	GlobalSection(ExtensibilityGlobals) = postSolution
		SolutionGuid = {02EF3EC9-4BD4-4C32-BB54-C45B608A140C}
	EndGlobalSection
EndGlobal
